
Microsoft Visual Studio Solution File, Format Version 11.00
# Visual Studio 2010
Project("{FAE04EC0-301F-11D3-BF4B-00C04F79EFBC}") = "01作业", "01作业\01作业.csproj", "{CF26E958-1634-4C01-A7CA-804E98EFDCBB}"
EndProject
Project("{FAE04EC0-301F-11D3-BF4B-00C04F79EFBC}") = "02使用ShowDialog实现窗体之间的回传值", "02使用ShowDialog实现窗体之间的回传值\02使用ShowDialog实现窗体之间的回传值.csproj", "{0CD5304E-BE9A-40E2-A5E1-305947C936CC}"
EndProject
Project("{FAE04EC0-301F-11D3-BF4B-00C04F79EFBC}") = "03多播委托", "03多播委托\03多播委托.csproj", "{94F3B82F-F782-4709-9380-9F480A17D12F}"
EndProject
Project("{FAE04EC0-301F-11D3-BF4B-00C04F79EFBC}") = "04自定义泛型", "04自定义泛型\04自定义泛型.csproj", "{6DA9A991-2F10-43B7-9A3C-D582F18226B1}"
EndProject
Project("{FAE04EC0-301F-11D3-BF4B-00C04F79EFBC}") = "05泛型约束", "05泛型约束\05泛型约束.csproj", "{E53689F5-D63C-4E6B-B2D2-ED00A5B677E4}"
EndProject
Project("{FAE04EC0-301F-11D3-BF4B-00C04F79EFBC}") = "06泛型查看源码", "06泛型查看源码\06泛型查看源码.csproj", "{8F117799-A862-435B-86DD-F74A6894C222}"
EndProject
Project("{FAE04EC0-301F-11D3-BF4B-00C04F79EFBC}") = "07扩展方法", "07扩展方法\07扩展方法.csproj", "{7ABA3939-4184-41FA-B4F2-08FD637B112B}"
EndProject
Project("{FAE04EC0-301F-11D3-BF4B-00C04F79EFBC}") = "08事件介绍", "08事件介绍\08事件介绍.csproj", "{CF94C8CF-93F7-4BF1-8B87-B46804F68944}"
EndProject
Project("{FAE04EC0-301F-11D3-BF4B-00C04F79EFBC}") = "09事件案例", "09事件案例\09事件案例.csproj", "{59C069E0-2781-4102-AE3A-6DB450F447BF}"
EndProject
Project("{FAE04EC0-301F-11D3-BF4B-00C04F79EFBC}") = "10事件案例2", "10事件案例2\10事件案例2.csproj", "{0609F63A-388A-4974-A05C-92CA62172C39}"
EndProject
Project("{FAE04EC0-301F-11D3-BF4B-00C04F79EFBC}") = "11事件案例3", "11事件案例3\11事件案例3.csproj", "{406BA0B5-1F39-4CB6-A9AD-18A271B32E1E}"
EndProject
Project("{FAE04EC0-301F-11D3-BF4B-00C04F79EFBC}") = "12事件练习", "12事件练习\12事件练习.csproj", "{6110BE64-EFE6-4A18-9922-8F2304A8CE29}"
EndProject
Project("{FAE04EC0-301F-11D3-BF4B-00C04F79EFBC}") = "13三连击按钮练习", "13三连击按钮练习\13三连击按钮练习.csproj", "{B50814E5-E9D7-44B8-88AE-25ABB000EB8B}"
EndProject
Project("{FAE04EC0-301F-11D3-BF4B-00C04F79EFBC}") = "14登录验证事件案例-练习", "14登录验证事件案例-练习\14登录验证事件案例-练习.csproj", "{162988A7-018E-45C7-9891-D899B3FE36F8}"
EndProject
Global
	GlobalSection(SolutionConfigurationPlatforms) = preSolution
		Debug|x86 = Debug|x86
		Release|x86 = Release|x86
	EndGlobalSection
	GlobalSection(ProjectConfigurationPlatforms) = postSolution
		{CF26E958-1634-4C01-A7CA-804E98EFDCBB}.Debug|x86.ActiveCfg = Debug|x86
		{CF26E958-1634-4C01-A7CA-804E98EFDCBB}.Debug|x86.Build.0 = Debug|x86
		{CF26E958-1634-4C01-A7CA-804E98EFDCBB}.Release|x86.ActiveCfg = Release|x86
		{CF26E958-1634-4C01-A7CA-804E98EFDCBB}.Release|x86.Build.0 = Release|x86
		{0CD5304E-BE9A-40E2-A5E1-305947C936CC}.Debug|x86.ActiveCfg = Debug|x86
		{0CD5304E-BE9A-40E2-A5E1-305947C936CC}.Debug|x86.Build.0 = Debug|x86
		{0CD5304E-BE9A-40E2-A5E1-305947C936CC}.Release|x86.ActiveCfg = Release|x86
		{0CD5304E-BE9A-40E2-A5E1-305947C936CC}.Release|x86.Build.0 = Release|x86
		{94F3B82F-F782-4709-9380-9F480A17D12F}.Debug|x86.ActiveCfg = Debug|x86
		{94F3B82F-F782-4709-9380-9F480A17D12F}.Debug|x86.Build.0 = Debug|x86
		{94F3B82F-F782-4709-9380-9F480A17D12F}.Release|x86.ActiveCfg = Release|x86
		{94F3B82F-F782-4709-9380-9F480A17D12F}.Release|x86.Build.0 = Release|x86
		{6DA9A991-2F10-43B7-9A3C-D582F18226B1}.Debug|x86.ActiveCfg = Debug|x86
		{6DA9A991-2F10-43B7-9A3C-D582F18226B1}.Debug|x86.Build.0 = Debug|x86
		{6DA9A991-2F10-43B7-9A3C-D582F18226B1}.Release|x86.ActiveCfg = Release|x86
		{6DA9A991-2F10-43B7-9A3C-D582F18226B1}.Release|x86.Build.0 = Release|x86
		{E53689F5-D63C-4E6B-B2D2-ED00A5B677E4}.Debug|x86.ActiveCfg = Debug|x86
		{E53689F5-D63C-4E6B-B2D2-ED00A5B677E4}.Debug|x86.Build.0 = Debug|x86
		{E53689F5-D63C-4E6B-B2D2-ED00A5B677E4}.Release|x86.ActiveCfg = Release|x86
		{E53689F5-D63C-4E6B-B2D2-ED00A5B677E4}.Release|x86.Build.0 = Release|x86
		{8F117799-A862-435B-86DD-F74A6894C222}.Debug|x86.ActiveCfg = Debug|x86
		{8F117799-A862-435B-86DD-F74A6894C222}.Debug|x86.Build.0 = Debug|x86
		{8F117799-A862-435B-86DD-F74A6894C222}.Release|x86.ActiveCfg = Release|x86
		{8F117799-A862-435B-86DD-F74A6894C222}.Release|x86.Build.0 = Release|x86
		{7ABA3939-4184-41FA-B4F2-08FD637B112B}.Debug|x86.ActiveCfg = Debug|x86
		{7ABA3939-4184-41FA-B4F2-08FD637B112B}.Debug|x86.Build.0 = Debug|x86
		{7ABA3939-4184-41FA-B4F2-08FD637B112B}.Release|x86.ActiveCfg = Release|x86
		{7ABA3939-4184-41FA-B4F2-08FD637B112B}.Release|x86.Build.0 = Release|x86
		{CF94C8CF-93F7-4BF1-8B87-B46804F68944}.Debug|x86.ActiveCfg = Debug|x86
		{CF94C8CF-93F7-4BF1-8B87-B46804F68944}.Debug|x86.Build.0 = Debug|x86
		{CF94C8CF-93F7-4BF1-8B87-B46804F68944}.Release|x86.ActiveCfg = Release|x86
		{CF94C8CF-93F7-4BF1-8B87-B46804F68944}.Release|x86.Build.0 = Release|x86
		{59C069E0-2781-4102-AE3A-6DB450F447BF}.Debug|x86.ActiveCfg = Debug|x86
		{59C069E0-2781-4102-AE3A-6DB450F447BF}.Debug|x86.Build.0 = Debug|x86
		{59C069E0-2781-4102-AE3A-6DB450F447BF}.Release|x86.ActiveCfg = Release|x86
		{59C069E0-2781-4102-AE3A-6DB450F447BF}.Release|x86.Build.0 = Release|x86
		{0609F63A-388A-4974-A05C-92CA62172C39}.Debug|x86.ActiveCfg = Debug|x86
		{0609F63A-388A-4974-A05C-92CA62172C39}.Debug|x86.Build.0 = Debug|x86
		{0609F63A-388A-4974-A05C-92CA62172C39}.Release|x86.ActiveCfg = Release|x86
		{0609F63A-388A-4974-A05C-92CA62172C39}.Release|x86.Build.0 = Release|x86
		{406BA0B5-1F39-4CB6-A9AD-18A271B32E1E}.Debug|x86.ActiveCfg = Debug|x86
		{406BA0B5-1F39-4CB6-A9AD-18A271B32E1E}.Debug|x86.Build.0 = Debug|x86
		{406BA0B5-1F39-4CB6-A9AD-18A271B32E1E}.Release|x86.ActiveCfg = Release|x86
		{406BA0B5-1F39-4CB6-A9AD-18A271B32E1E}.Release|x86.Build.0 = Release|x86
		{6110BE64-EFE6-4A18-9922-8F2304A8CE29}.Debug|x86.ActiveCfg = Debug|x86
		{6110BE64-EFE6-4A18-9922-8F2304A8CE29}.Debug|x86.Build.0 = Debug|x86
		{6110BE64-EFE6-4A18-9922-8F2304A8CE29}.Release|x86.ActiveCfg = Release|x86
		{6110BE64-EFE6-4A18-9922-8F2304A8CE29}.Release|x86.Build.0 = Release|x86
		{B50814E5-E9D7-44B8-88AE-25ABB000EB8B}.Debug|x86.ActiveCfg = Debug|x86
		{B50814E5-E9D7-44B8-88AE-25ABB000EB8B}.Debug|x86.Build.0 = Debug|x86
		{B50814E5-E9D7-44B8-88AE-25ABB000EB8B}.Release|x86.ActiveCfg = Release|x86
		{B50814E5-E9D7-44B8-88AE-25ABB000EB8B}.Release|x86.Build.0 = Release|x86
		{162988A7-018E-45C7-9891-D899B3FE36F8}.Debug|x86.ActiveCfg = Debug|x86
		{162988A7-018E-45C7-9891-D899B3FE36F8}.Debug|x86.Build.0 = Debug|x86
		{162988A7-018E-45C7-9891-D899B3FE36F8}.Release|x86.ActiveCfg = Release|x86
		{162988A7-018E-45C7-9891-D899B3FE36F8}.Release|x86.Build.0 = Release|x86
	EndGlobalSection
	GlobalSection(SolutionProperties) = preSolution
		HideSolutionNode = FALSE
	EndGlobalSection
EndGlobal
